
Microsoft Visual Studio Solution File, Format Version 12.00
Project("{FAE04EC0-301F-11D3-BF4B-00C04F79EFBC}") = "ChatManagement.API", "ChatManagement.API\ChatManagement.API.csproj", "{1FE9935D-F8E8-4D9C-8D35-73E13A9057E9}"
EndProject
Project("{2150E333-8FDC-42A3-9474-1A3956D46DE8}") = "Chat.Management.API", "Chat.Management.API", "{4DFC49EC-C6A0-4029-8BC8-8F1B7DAA287B}"
EndProject
Project("{FAE04EC0-301F-11D3-BF4B-00C04F79EFBC}") = "ChatManagement.Domain", "ChatManagement.Domain\ChatManagement.Domain.csproj", "{19522DE2-94B8-48E6-9BD1-F1D677A0570D}"
EndProject
Project("{FAE04EC0-301F-11D3-BF4B-00C04F79EFBC}") = "ChatManagement.DataAccess", "ChatManagement.DataAccess\ChatManagement.DataAccess.csproj", "{FAE5841D-B515-43B6-AD0D-DC7C1AF01B58}"
EndProject
Project("{FAE04EC0-301F-11D3-BF4B-00C04F79EFBC}") = "ChatManagement.Infrastructure", "ChatManagement.Infrastructure\ChatManagement.Infrastructure.csproj", "{FFDC92E2-05E8-4212-A822-5824DA242090}"
EndProject
Project("{FAE04EC0-301F-11D3-BF4B-00C04F79EFBC}") = "ChatManagement.Services", "ChatManagement.Services\ChatManagement.Services.csproj", "{6306ED0B-8203-48B0-AB91-33FBEBE25F48}"
EndProject
Project("{2150E333-8FDC-42A3-9474-1A3956D46DE8}") = "ChatMessaging.API", "ChatMessaging.API", "{6C7461A4-D298-4550-830C-E9F0AAF2B411}"
EndProject
Project("{FAE04EC0-301F-11D3-BF4B-00C04F79EFBC}") = "ChatMessaging", "ChatMessaging\ChatMessaging.csproj", "{3E8869BF-464C-4B5C-80A2-2C5AAA39C001}"
EndProject
Global
	GlobalSection(SolutionConfigurationPlatforms) = preSolution
		Debug|Any CPU = Debug|Any CPU
		Release|Any CPU = Release|Any CPU
	EndGlobalSection
	GlobalSection(ProjectConfigurationPlatforms) = postSolution
		{1FE9935D-F8E8-4D9C-8D35-73E13A9057E9}.Debug|Any CPU.ActiveCfg = Debug|Any CPU
		{1FE9935D-F8E8-4D9C-8D35-73E13A9057E9}.Debug|Any CPU.Build.0 = Debug|Any CPU
		{1FE9935D-F8E8-4D9C-8D35-73E13A9057E9}.Release|Any CPU.ActiveCfg = Release|Any CPU
		{1FE9935D-F8E8-4D9C-8D35-73E13A9057E9}.Release|Any CPU.Build.0 = Release|Any CPU
		{19522DE2-94B8-48E6-9BD1-F1D677A0570D}.Debug|Any CPU.ActiveCfg = Debug|Any CPU
		{19522DE2-94B8-48E6-9BD1-F1D677A0570D}.Debug|Any CPU.Build.0 = Debug|Any CPU
		{19522DE2-94B8-48E6-9BD1-F1D677A0570D}.Release|Any CPU.ActiveCfg = Release|Any CPU
		{19522DE2-94B8-48E6-9BD1-F1D677A0570D}.Release|Any CPU.Build.0 = Release|Any CPU
		{FAE5841D-B515-43B6-AD0D-DC7C1AF01B58}.Debug|Any CPU.ActiveCfg = Debug|Any CPU
		{FAE5841D-B515-43B6-AD0D-DC7C1AF01B58}.Debug|Any CPU.Build.0 = Debug|Any CPU
		{FAE5841D-B515-43B6-AD0D-DC7C1AF01B58}.Release|Any CPU.ActiveCfg = Release|Any CPU
		{FAE5841D-B515-43B6-AD0D-DC7C1AF01B58}.Release|Any CPU.Build.0 = Release|Any CPU
		{FFDC92E2-05E8-4212-A822-5824DA242090}.Debug|Any CPU.ActiveCfg = Debug|Any CPU
		{FFDC92E2-05E8-4212-A822-5824DA242090}.Debug|Any CPU.Build.0 = Debug|Any CPU
		{FFDC92E2-05E8-4212-A822-5824DA242090}.Release|Any CPU.ActiveCfg = Release|Any CPU
		{FFDC92E2-05E8-4212-A822-5824DA242090}.Release|Any CPU.Build.0 = Release|Any CPU
		{6306ED0B-8203-48B0-AB91-33FBEBE25F48}.Debug|Any CPU.ActiveCfg = Debug|Any CPU
		{6306ED0B-8203-48B0-AB91-33FBEBE25F48}.Debug|Any CPU.Build.0 = Debug|Any CPU
		{6306ED0B-8203-48B0-AB91-33FBEBE25F48}.Release|Any CPU.ActiveCfg = Release|Any CPU
		{6306ED0B-8203-48B0-AB91-33FBEBE25F48}.Release|Any CPU.Build.0 = Release|Any CPU
		{3E8869BF-464C-4B5C-80A2-2C5AAA39C001}.Debug|Any CPU.ActiveCfg = Debug|Any CPU
		{3E8869BF-464C-4B5C-80A2-2C5AAA39C001}.Debug|Any CPU.Build.0 = Debug|Any CPU
		{3E8869BF-464C-4B5C-80A2-2C5AAA39C001}.Release|Any CPU.ActiveCfg = Release|Any CPU
		{3E8869BF-464C-4B5C-80A2-2C5AAA39C001}.Release|Any CPU.Build.0 = Release|Any CPU
	EndGlobalSection
	GlobalSection(NestedProjects) = preSolution
		{1FE9935D-F8E8-4D9C-8D35-73E13A9057E9} = {4DFC49EC-C6A0-4029-8BC8-8F1B7DAA287B}
		{19522DE2-94B8-48E6-9BD1-F1D677A0570D} = {4DFC49EC-C6A0-4029-8BC8-8F1B7DAA287B}
		{FAE5841D-B515-43B6-AD0D-DC7C1AF01B58} = {4DFC49EC-C6A0-4029-8BC8-8F1B7DAA287B}
		{FFDC92E2-05E8-4212-A822-5824DA242090} = {4DFC49EC-C6A0-4029-8BC8-8F1B7DAA287B}
		{6306ED0B-8203-48B0-AB91-33FBEBE25F48} = {4DFC49EC-C6A0-4029-8BC8-8F1B7DAA287B}
		{3E8869BF-464C-4B5C-80A2-2C5AAA39C001} = {6C7461A4-D298-4550-830C-E9F0AAF2B411}
	EndGlobalSection
EndGlobal
