
Microsoft Visual Studio Solution File, Format Version 12.00
Project("{FAE04EC0-301F-11D3-BF4B-00C04F79EFBC}") = "ChatManagement.API", "ChatManagement.API\ChatManagement.API.csproj", "{1FE9935D-F8E8-4D9C-8D35-73E13A9057E9}"
EndProject
Project("{2150E333-8FDC-42A3-9474-1A3956D46DE8}") = "Chat.Management.API", "Chat.Management.API", "{4DFC49EC-C6A0-4029-8BC8-8F1B7DAA287B}"
EndProject
Project("{FAE04EC0-301F-11D3-BF4B-00C04F79EFBC}") = "ChatManagement.Domain", "ChatManagement.Domain\ChatManagement.Domain.csproj", "{19522DE2-94B8-48E6-9BD1-F1D677A0570D}"
EndProject
Project("{FAE04EC0-301F-11D3-BF4B-00C04F79EFBC}") = "ChatManagement.DataAccess", "ChatManagement.DataAccess\ChatManagement.DataAccess.csproj", "{FAE5841D-B515-43B6-AD0D-DC7C1AF01B58}"
EndProject
Project("{FAE04EC0-301F-11D3-BF4B-00C04F79EFBC}") = "ChatManagement.Infrastructure", "ChatManagement.Infrastructure\ChatManagement.Infrastructure.csproj", "{FFDC92E2-05E8-4212-A822-5824DA242090}"
EndProject
Project("{FAE04EC0-301F-11D3-BF4B-00C04F79EFBC}") = "ChatManagement.Services", "ChatManagement.Services\ChatManagement.Services.csproj", "{6306ED0B-8203-48B0-AB91-33FBEBE25F48}"
EndProject
Project("{2150E333-8FDC-42A3-9474-1A3956D46DE8}") = "ChatMessaging.API", "ChatMessaging.API", "{6C7461A4-D298-4550-830C-E9F0AAF2B411}"
EndProject
Project("{FAE04EC0-301F-11D3-BF4B-00C04F79EFBC}") = "ChatMessaging", "ChatMessaging\ChatMessaging.csproj", "{3E8869BF-464C-4B5C-80A2-2C5AAA39C001}"
EndProject
Project("{2150E333-8FDC-42A3-9474-1A3956D46DE8}") = "Auth.API.sln", "Auth.API.sln", "{2407825F-9D18-4467-8A9C-FFE54AA3DDBB}"
EndProject
Project("{FAE04EC0-301F-11D3-BF4B-00C04F79EFBC}") = "Auth.API", "Auth.API\Auth.API.csproj", "{8D5C4717-759C-4E0A-A768-9A1E376AC102}"
EndProject
Project("{2150E333-8FDC-42A3-9474-1A3956D46DE8}") = "Tests", "Tests", "{2FF9E325-E13D-4329-9B48-2BF3DCC170E7}"
EndProject
Project("{2150E333-8FDC-42A3-9474-1A3956D46DE8}") = "IntegrationTests", "IntegrationTests", "{797CC23A-1B4B-4592-B734-2D8FE600599E}"
EndProject
Project("{2150E333-8FDC-42A3-9474-1A3956D46DE8}") = "Gateway", "Gateway", "{B4DD647B-BDBA-4D05-9587-CEB45E852BE7}"
EndProject
Project("{FAE04EC0-301F-11D3-BF4B-00C04F79EFBC}") = "Gatemay", "Gatemay\Gatemay.csproj", "{54E83871-E88E-47D0-954A-C00B96516F6D}"
EndProject
Project("{FAE04EC0-301F-11D3-BF4B-00C04F79EFBC}") = "Auth.API.Tests", "..\tests\Auth.API.Tests\Auth.API.Tests.csproj", "{6E1907AD-9CA6-4BF7-BF10-0A0AFAD5B865}"
EndProject
Project("{FAE04EC0-301F-11D3-BF4B-00C04F79EFBC}") = "Chat.Management.Data.Access.Tests", "..\tests\Chat.Management.Data.Access.Tests\Chat.Management.Data.Access.Tests.csproj", "{2DB36999-9B2E-4472-BA1B-EBBB82B9D512}"
EndProject
Project("{FAE04EC0-301F-11D3-BF4B-00C04F79EFBC}") = "ChatManagement.Services.Tests", "..\tests\ChatManagement.Services.Tests\ChatManagement.Services.Tests.csproj", "{01DC225C-0119-44DA-97DA-621B40FA0B18}"
EndProject
Project("{FAE04EC0-301F-11D3-BF4B-00C04F79EFBC}") = "ChatManagement.API.Tests", "..\tests\ChatManagement.API.Tests\ChatManagement.API.Tests.csproj", "{A765A776-3F87-4366-AEDB-37B843B0054F}"
EndProject
Project("{2150E333-8FDC-42A3-9474-1A3956D46DE8}") = "Users.Management", "Users.Management", "{81BF1FB7-081C-400A-A12F-D50968E579F0}"
EndProject
Project("{FAE04EC0-301F-11D3-BF4B-00C04F79EFBC}") = "User.Management.API", "User.Management.API\User.Management.API.csproj", "{45ACE2AF-4F36-4D1A-9297-5153BB5EFFB4}"
EndProject
Global
	GlobalSection(SolutionConfigurationPlatforms) = preSolution
		Debug|Any CPU = Debug|Any CPU
		Release|Any CPU = Release|Any CPU
	EndGlobalSection
	GlobalSection(ProjectConfigurationPlatforms) = postSolution
		{1FE9935D-F8E8-4D9C-8D35-73E13A9057E9}.Debug|Any CPU.ActiveCfg = Debug|Any CPU
		{1FE9935D-F8E8-4D9C-8D35-73E13A9057E9}.Debug|Any CPU.Build.0 = Debug|Any CPU
		{1FE9935D-F8E8-4D9C-8D35-73E13A9057E9}.Release|Any CPU.ActiveCfg = Release|Any CPU
		{1FE9935D-F8E8-4D9C-8D35-73E13A9057E9}.Release|Any CPU.Build.0 = Release|Any CPU
		{19522DE2-94B8-48E6-9BD1-F1D677A0570D}.Debug|Any CPU.ActiveCfg = Debug|Any CPU
		{19522DE2-94B8-48E6-9BD1-F1D677A0570D}.Debug|Any CPU.Build.0 = Debug|Any CPU
		{19522DE2-94B8-48E6-9BD1-F1D677A0570D}.Release|Any CPU.ActiveCfg = Release|Any CPU
		{19522DE2-94B8-48E6-9BD1-F1D677A0570D}.Release|Any CPU.Build.0 = Release|Any CPU
		{FAE5841D-B515-43B6-AD0D-DC7C1AF01B58}.Debug|Any CPU.ActiveCfg = Debug|Any CPU
		{FAE5841D-B515-43B6-AD0D-DC7C1AF01B58}.Debug|Any CPU.Build.0 = Debug|Any CPU
		{FAE5841D-B515-43B6-AD0D-DC7C1AF01B58}.Release|Any CPU.ActiveCfg = Release|Any CPU
		{FAE5841D-B515-43B6-AD0D-DC7C1AF01B58}.Release|Any CPU.Build.0 = Release|Any CPU
		{FFDC92E2-05E8-4212-A822-5824DA242090}.Debug|Any CPU.ActiveCfg = Debug|Any CPU
		{FFDC92E2-05E8-4212-A822-5824DA242090}.Debug|Any CPU.Build.0 = Debug|Any CPU
		{FFDC92E2-05E8-4212-A822-5824DA242090}.Release|Any CPU.ActiveCfg = Release|Any CPU
		{FFDC92E2-05E8-4212-A822-5824DA242090}.Release|Any CPU.Build.0 = Release|Any CPU
		{6306ED0B-8203-48B0-AB91-33FBEBE25F48}.Debug|Any CPU.ActiveCfg = Debug|Any CPU
		{6306ED0B-8203-48B0-AB91-33FBEBE25F48}.Debug|Any CPU.Build.0 = Debug|Any CPU
		{6306ED0B-8203-48B0-AB91-33FBEBE25F48}.Release|Any CPU.ActiveCfg = Release|Any CPU
		{6306ED0B-8203-48B0-AB91-33FBEBE25F48}.Release|Any CPU.Build.0 = Release|Any CPU
		{3E8869BF-464C-4B5C-80A2-2C5AAA39C001}.Debug|Any CPU.ActiveCfg = Debug|Any CPU
		{3E8869BF-464C-4B5C-80A2-2C5AAA39C001}.Debug|Any CPU.Build.0 = Debug|Any CPU
		{3E8869BF-464C-4B5C-80A2-2C5AAA39C001}.Release|Any CPU.ActiveCfg = Release|Any CPU
		{3E8869BF-464C-4B5C-80A2-2C5AAA39C001}.Release|Any CPU.Build.0 = Release|Any CPU
		{8D5C4717-759C-4E0A-A768-9A1E376AC102}.Debug|Any CPU.ActiveCfg = Debug|Any CPU
		{8D5C4717-759C-4E0A-A768-9A1E376AC102}.Debug|Any CPU.Build.0 = Debug|Any CPU
		{8D5C4717-759C-4E0A-A768-9A1E376AC102}.Release|Any CPU.ActiveCfg = Release|Any CPU
		{8D5C4717-759C-4E0A-A768-9A1E376AC102}.Release|Any CPU.Build.0 = Release|Any CPU
		{54E83871-E88E-47D0-954A-C00B96516F6D}.Debug|Any CPU.ActiveCfg = Debug|Any CPU
		{54E83871-E88E-47D0-954A-C00B96516F6D}.Debug|Any CPU.Build.0 = Debug|Any CPU
		{54E83871-E88E-47D0-954A-C00B96516F6D}.Release|Any CPU.ActiveCfg = Release|Any CPU
		{54E83871-E88E-47D0-954A-C00B96516F6D}.Release|Any CPU.Build.0 = Release|Any CPU
		{6E1907AD-9CA6-4BF7-BF10-0A0AFAD5B865}.Debug|Any CPU.ActiveCfg = Debug|Any CPU
		{6E1907AD-9CA6-4BF7-BF10-0A0AFAD5B865}.Debug|Any CPU.Build.0 = Debug|Any CPU
		{6E1907AD-9CA6-4BF7-BF10-0A0AFAD5B865}.Release|Any CPU.ActiveCfg = Release|Any CPU
		{6E1907AD-9CA6-4BF7-BF10-0A0AFAD5B865}.Release|Any CPU.Build.0 = Release|Any CPU
		{2DB36999-9B2E-4472-BA1B-EBBB82B9D512}.Debug|Any CPU.ActiveCfg = Debug|Any CPU
		{2DB36999-9B2E-4472-BA1B-EBBB82B9D512}.Debug|Any CPU.Build.0 = Debug|Any CPU
		{2DB36999-9B2E-4472-BA1B-EBBB82B9D512}.Release|Any CPU.ActiveCfg = Release|Any CPU
		{2DB36999-9B2E-4472-BA1B-EBBB82B9D512}.Release|Any CPU.Build.0 = Release|Any CPU
		{01DC225C-0119-44DA-97DA-621B40FA0B18}.Debug|Any CPU.ActiveCfg = Debug|Any CPU
		{01DC225C-0119-44DA-97DA-621B40FA0B18}.Debug|Any CPU.Build.0 = Debug|Any CPU
		{01DC225C-0119-44DA-97DA-621B40FA0B18}.Release|Any CPU.ActiveCfg = Release|Any CPU
		{01DC225C-0119-44DA-97DA-621B40FA0B18}.Release|Any CPU.Build.0 = Release|Any CPU
		{A765A776-3F87-4366-AEDB-37B843B0054F}.Debug|Any CPU.ActiveCfg = Debug|Any CPU
		{A765A776-3F87-4366-AEDB-37B843B0054F}.Debug|Any CPU.Build.0 = Debug|Any CPU
		{A765A776-3F87-4366-AEDB-37B843B0054F}.Release|Any CPU.ActiveCfg = Release|Any CPU
		{A765A776-3F87-4366-AEDB-37B843B0054F}.Release|Any CPU.Build.0 = Release|Any CPU
		{45ACE2AF-4F36-4D1A-9297-5153BB5EFFB4}.Debug|Any CPU.ActiveCfg = Debug|Any CPU
		{45ACE2AF-4F36-4D1A-9297-5153BB5EFFB4}.Debug|Any CPU.Build.0 = Debug|Any CPU
		{45ACE2AF-4F36-4D1A-9297-5153BB5EFFB4}.Release|Any CPU.ActiveCfg = Release|Any CPU
		{45ACE2AF-4F36-4D1A-9297-5153BB5EFFB4}.Release|Any CPU.Build.0 = Release|Any CPU
	EndGlobalSection
	GlobalSection(NestedProjects) = preSolution
		{1FE9935D-F8E8-4D9C-8D35-73E13A9057E9} = {4DFC49EC-C6A0-4029-8BC8-8F1B7DAA287B}
		{19522DE2-94B8-48E6-9BD1-F1D677A0570D} = {4DFC49EC-C6A0-4029-8BC8-8F1B7DAA287B}
		{FAE5841D-B515-43B6-AD0D-DC7C1AF01B58} = {4DFC49EC-C6A0-4029-8BC8-8F1B7DAA287B}
		{FFDC92E2-05E8-4212-A822-5824DA242090} = {4DFC49EC-C6A0-4029-8BC8-8F1B7DAA287B}
		{6306ED0B-8203-48B0-AB91-33FBEBE25F48} = {4DFC49EC-C6A0-4029-8BC8-8F1B7DAA287B}
		{3E8869BF-464C-4B5C-80A2-2C5AAA39C001} = {6C7461A4-D298-4550-830C-E9F0AAF2B411}
		{8D5C4717-759C-4E0A-A768-9A1E376AC102} = {2407825F-9D18-4467-8A9C-FFE54AA3DDBB}
		{54E83871-E88E-47D0-954A-C00B96516F6D} = {B4DD647B-BDBA-4D05-9587-CEB45E852BE7}
		{6E1907AD-9CA6-4BF7-BF10-0A0AFAD5B865} = {2FF9E325-E13D-4329-9B48-2BF3DCC170E7}
		{2DB36999-9B2E-4472-BA1B-EBBB82B9D512} = {2FF9E325-E13D-4329-9B48-2BF3DCC170E7}
		{01DC225C-0119-44DA-97DA-621B40FA0B18} = {2FF9E325-E13D-4329-9B48-2BF3DCC170E7}
		{A765A776-3F87-4366-AEDB-37B843B0054F} = {2FF9E325-E13D-4329-9B48-2BF3DCC170E7}
		{45ACE2AF-4F36-4D1A-9297-5153BB5EFFB4} = {81BF1FB7-081C-400A-A12F-D50968E579F0}
	EndGlobalSection
EndGlobal
